
Microsoft Visual Studio Solution File, Format Version 12.00
# Visual Studio Version 17
VisualStudioVersion = 17.3.32901.215
MinimumVisualStudioVersion = 10.0.40219.1
Project("{9A19103F-16F7-4668-BE54-9A1E7A4F7556}") = "CleanArchMVC.Domain", "CleanArchMVC.Domain\CleanArchMVC.Domain.csproj", "{5B69A8DD-F967-471E-A45F-4ED02DA9E8B3}"
EndProject
Project("{9A19103F-16F7-4668-BE54-9A1E7A4F7556}") = "CleanArchMVC.Application", "CleanArchMVC.Application\CleanArchMVC.Application.csproj", "{FE8DF328-4065-4DCF-A149-E90C39CA0298}"
EndProject
Project("{9A19103F-16F7-4668-BE54-9A1E7A4F7556}") = "CleanArchMVC.Infra.Data", "CleanArchMVC.Infra.Data\CleanArchMVC.Infra.Data.csproj", "{0BD45908-0188-4669-B4E9-80CFBE569959}"
EndProject
Project("{9A19103F-16F7-4668-BE54-9A1E7A4F7556}") = "CleanArchMVC.Infra.IOC", "CleanArchMVC.Infra.IOC\CleanArchMVC.Infra.IOC.csproj", "{A0847FBF-F564-4F85-89B3-0B65400F7257}"
EndProject
Project("{9A19103F-16F7-4668-BE54-9A1E7A4F7556}") = "CleanArchMVC.WebUI", "CleanArchMVC.WebUI\CleanArchMVC.WebUI.csproj", "{60C17F1B-0F13-46C4-8A5E-9C54AA1ADF4F}"
EndProject
Project("{9A19103F-16F7-4668-BE54-9A1E7A4F7556}") = "CleanArchMVC.Domain.Tests", "CleanArchMVC.Domain.Tests\CleanArchMVC.Domain.Tests.csproj", "{B9F0D4F9-EADD-418D-AC94-24B768710DFF}"
EndProject
Project("{2150E333-8FDC-42A3-9474-1A3956D46DE8}") = "ProjetoTestes", "ProjetoTestes", "{7D63F61E-3F9F-4949-9145-DB6624F2B877}"
EndProject
Global
	GlobalSection(SolutionConfigurationPlatforms) = preSolution
		Debug|Any CPU = Debug|Any CPU
		Release|Any CPU = Release|Any CPU
	EndGlobalSection
	GlobalSection(ProjectConfigurationPlatforms) = postSolution
		{5B69A8DD-F967-471E-A45F-4ED02DA9E8B3}.Debug|Any CPU.ActiveCfg = Debug|Any CPU
		{5B69A8DD-F967-471E-A45F-4ED02DA9E8B3}.Debug|Any CPU.Build.0 = Debug|Any CPU
		{5B69A8DD-F967-471E-A45F-4ED02DA9E8B3}.Release|Any CPU.ActiveCfg = Release|Any CPU
		{5B69A8DD-F967-471E-A45F-4ED02DA9E8B3}.Release|Any CPU.Build.0 = Release|Any CPU
		{FE8DF328-4065-4DCF-A149-E90C39CA0298}.Debug|Any CPU.ActiveCfg = Debug|Any CPU
		{FE8DF328-4065-4DCF-A149-E90C39CA0298}.Debug|Any CPU.Build.0 = Debug|Any CPU
		{FE8DF328-4065-4DCF-A149-E90C39CA0298}.Release|Any CPU.ActiveCfg = Release|Any CPU
		{FE8DF328-4065-4DCF-A149-E90C39CA0298}.Release|Any CPU.Build.0 = Release|Any CPU
		{0BD45908-0188-4669-B4E9-80CFBE569959}.Debug|Any CPU.ActiveCfg = Debug|Any CPU
		{0BD45908-0188-4669-B4E9-80CFBE569959}.Debug|Any CPU.Build.0 = Debug|Any CPU
		{0BD45908-0188-4669-B4E9-80CFBE569959}.Release|Any CPU.ActiveCfg = Release|Any CPU
		{0BD45908-0188-4669-B4E9-80CFBE569959}.Release|Any CPU.Build.0 = Release|Any CPU
		{A0847FBF-F564-4F85-89B3-0B65400F7257}.Debug|Any CPU.ActiveCfg = Debug|Any CPU
		{A0847FBF-F564-4F85-89B3-0B65400F7257}.Debug|Any CPU.Build.0 = Debug|Any CPU
		{A0847FBF-F564-4F85-89B3-0B65400F7257}.Release|Any CPU.ActiveCfg = Release|Any CPU
		{A0847FBF-F564-4F85-89B3-0B65400F7257}.Release|Any CPU.Build.0 = Release|Any CPU
		{60C17F1B-0F13-46C4-8A5E-9C54AA1ADF4F}.Debug|Any CPU.ActiveCfg = Debug|Any CPU
		{60C17F1B-0F13-46C4-8A5E-9C54AA1ADF4F}.Debug|Any CPU.Build.0 = Debug|Any CPU
		{60C17F1B-0F13-46C4-8A5E-9C54AA1ADF4F}.Release|Any CPU.ActiveCfg = Release|Any CPU
		{60C17F1B-0F13-46C4-8A5E-9C54AA1ADF4F}.Release|Any CPU.Build.0 = Release|Any CPU
		{B9F0D4F9-EADD-418D-AC94-24B768710DFF}.Debug|Any CPU.ActiveCfg = Debug|Any CPU
		{B9F0D4F9-EADD-418D-AC94-24B768710DFF}.Debug|Any CPU.Build.0 = Debug|Any CPU
		{B9F0D4F9-EADD-418D-AC94-24B768710DFF}.Release|Any CPU.ActiveCfg = Release|Any CPU
		{B9F0D4F9-EADD-418D-AC94-24B768710DFF}.Release|Any CPU.Build.0 = Release|Any CPU
	EndGlobalSection
	GlobalSection(SolutionProperties) = preSolution
		HideSolutionNode = FALSE
	EndGlobalSection
	GlobalSection(NestedProjects) = preSolution
		{B9F0D4F9-EADD-418D-AC94-24B768710DFF} = {7D63F61E-3F9F-4949-9145-DB6624F2B877}
	EndGlobalSection
	GlobalSection(ExtensibilityGlobals) = postSolution
		SolutionGuid = {4C6C8358-3C73-43DE-A275-6EA1EBC23A81}
	EndGlobalSection
EndGlobal
